
Microsoft Visual Studio Solution File, Format Version 12.00
# Visual Studio 15
VisualStudioVersion = 15.0.28307.421
MinimumVisualStudioVersion = 10.0.40219.1
Project("{FAE04EC0-301F-11D3-BF4B-00C04F79EFBC}") = "DynamicLambda.Core", "DynamicLambda.Core.csproj", "{BDC45AC4-CEBF-4A80-A4E6-305076D38BC6}"
EndProject
Project("{FAE04EC0-301F-11D3-BF4B-00C04F79EFBC}") = "DynamicLambda.Test", "..\DynamicLambdaTest\DynamicLambda.Test.csproj", "{78BF900A-A156-4D31-8542-382465812652}"
EndProject
Global
	GlobalSection(SolutionConfigurationPlatforms) = preSolution
		Debug|Any CPU = Debug|Any CPU
		Release|Any CPU = Release|Any CPU
	EndGlobalSection
	GlobalSection(ProjectConfigurationPlatforms) = postSolution
		{BDC45AC4-CEBF-4A80-A4E6-305076D38BC6}.Debug|Any CPU.ActiveCfg = Debug|Any CPU
		{BDC45AC4-CEBF-4A80-A4E6-305076D38BC6}.Debug|Any CPU.Build.0 = Debug|Any CPU
		{BDC45AC4-CEBF-4A80-A4E6-305076D38BC6}.Release|Any CPU.ActiveCfg = Release|Any CPU
		{BDC45AC4-CEBF-4A80-A4E6-305076D38BC6}.Release|Any CPU.Build.0 = Release|Any CPU
		{78BF900A-A156-4D31-8542-382465812652}.Debug|Any CPU.ActiveCfg = Debug|Any CPU
		{78BF900A-A156-4D31-8542-382465812652}.Debug|Any CPU.Build.0 = Debug|Any CPU
		{78BF900A-A156-4D31-8542-382465812652}.Release|Any CPU.ActiveCfg = Release|Any CPU
		{78BF900A-A156-4D31-8542-382465812652}.Release|Any CPU.Build.0 = Release|Any CPU
	EndGlobalSection
	GlobalSection(SolutionProperties) = preSolution
		HideSolutionNode = FALSE
	EndGlobalSection
	GlobalSection(ExtensibilityGlobals) = postSolution
		SolutionGuid = {0A3B0CD3-118D-4DAE-8D5D-1B86081FB43B}
	EndGlobalSection
EndGlobal
